
Microsoft Visual Studio Solution File, Format Version 12.00
# Visual Studio Version 17
VisualStudioVersion = 17.11.35303.130
MinimumVisualStudioVersion = 10.0.40219.1
Project("{8BC9CEB8-8B4A-11D0-8D11-00A0C91BC942}") = "22.09.24OOP CLASS", "22.09.24OOP CLASS.vcxproj", "{D431F940-C3FB-4922-BACF-7F5D17D4008D}"
EndProject
Global
	GlobalSection(SolutionConfigurationPlatforms) = preSolution
		Debug|x64 = Debug|x64
		Debug|x86 = Debug|x86
		Release|x64 = Release|x64
		Release|x86 = Release|x86
	EndGlobalSection
	GlobalSection(ProjectConfigurationPlatforms) = postSolution
		{D431F940-C3FB-4922-BACF-7F5D17D4008D}.Debug|x64.ActiveCfg = Debug|x64
		{D431F940-C3FB-4922-BACF-7F5D17D4008D}.Debug|x64.Build.0 = Debug|x64
		{D431F940-C3FB-4922-BACF-7F5D17D4008D}.Debug|x86.ActiveCfg = Debug|Win32
		{D431F940-C3FB-4922-BACF-7F5D17D4008D}.Debug|x86.Build.0 = Debug|Win32
		{D431F940-C3FB-4922-BACF-7F5D17D4008D}.Release|x64.ActiveCfg = Release|x64
		{D431F940-C3FB-4922-BACF-7F5D17D4008D}.Release|x64.Build.0 = Release|x64
		{D431F940-C3FB-4922-BACF-7F5D17D4008D}.Release|x86.ActiveCfg = Release|Win32
		{D431F940-C3FB-4922-BACF-7F5D17D4008D}.Release|x86.Build.0 = Release|Win32
	EndGlobalSection
	GlobalSection(SolutionProperties) = preSolution
		HideSolutionNode = FALSE
	EndGlobalSection
	GlobalSection(ExtensibilityGlobals) = postSolution
		SolutionGuid = {A06F1E0E-FD24-4110-BA9E-C95F4E689A07}
	EndGlobalSection
EndGlobal
